PODS:
  - audioplayers (0.0.1):
    - Flutter
  - connectivity (0.0.1):
    - Flutter
    - Reachability
  - DKImagePickerController/Core (4.3.2):
    - DKImagePickerController/ImageDataManager
    - DKImagePickerController/Resource
  - DKImagePickerController/ImageDataManager (4.3.2)
  - DKImagePickerController/PhotoGallery (4.3.2):
    - DKImagePickerController/Core
    - DKPhotoGallery
  - DKImagePickerController/Resource (4.3.2)
  - DKPhotoGallery (0.0.17):
    - DKPhotoGallery/Core (= 0.0.17)
    - DKPhotoGallery/Model (= 0.0.17)
    - DKPhotoGallery/Preview (= 0.0.17)
    - DKPhotoGallery/Resource (= 0.0.17)
    - SDWebImage
    - SwiftyGif
  - DKPhotoGallery/Core (0.0.17):
    - DKPhotoGallery/Model
    - DKPhotoGallery/Preview
    - SDWebImage
    - SwiftyGif
  - DKPhotoGallery/Model (0.0.17):
    - SDWebImage
    - SwiftyGif
  - DKPhotoGallery/Preview (0.0.17):
    - DKPhotoGallery/Model
    - DKPhotoGallery/Resource
    - SDWebImage
    - SwiftyGif
  - DKPhotoGallery/Resource (0.0.17):
    - SDWebImage
    - SwiftyGif
  - file_picker (0.0.1):
    - DKImagePickerController/PhotoGallery
    - Flutter
  - Firebase/Auth (6.33.0):
    - Firebase/CoreOnly
    - FirebaseAuth (~> 6.9.2)
  - Firebase/CoreOnly (6.33.0):
    - FirebaseCore (= 6.10.3)
  - Firebase/DynamicLinks (6.33.0):
    - Firebase/CoreOnly
    - FirebaseDynamicLinks (~> 4.3.1)
  - firebase_admob (0.10.3):
    - Firebase/CoreOnly (~> 6.33.0)
    - firebase_core
    - Flutter
    - Google-Mobile-Ads-SDK
  - firebase_auth (0.18.4-1):
    - Firebase/Auth (~> 6.33.0)
    - Firebase/CoreOnly (~> 6.33.0)
    - firebase_core
    - Flutter
  - firebase_core (0.5.3):
    - Firebase/CoreOnly (~> 6.33.0)
    - Flutter
  - firebase_dynamic_links (0.6.3):
    - Firebase/CoreOnly (~> 6.33.0)
    - Firebase/DynamicLinks (~> 6.33.0)
    - firebase_core
    - Flutter
  - FirebaseAuth (6.9.2):
    - FirebaseCore (~> 6.10)
    - GoogleUtilities/AppDelegateSwizzler (~> 6.7)
    - GoogleUtilities/Environment (~> 6.7)
    - GTMSessionFetcher/Core (~> 1.1)
  - FirebaseCore (6.10.3):
    - FirebaseCoreDiagnostics (~> 1.6)
    - GoogleUtilities/Environment (~> 6.7)
    - GoogleUtilities/Logger (~> 6.7)
  - FirebaseCoreDiagnostics (1.7.0):
    - GoogleDataTransport (~> 7.4)
    - GoogleUtilities/Environment (~> 6.7)
    - GoogleUtilities/Logger (~> 6.7)
    - nanopb (~> 1.30906.0)
  - FirebaseDynamicLinks (4.3.1):
    - FirebaseCore (~> 6.10)
  - Flutter (1.0.0)
  - flutter_app_badger (0.0.1):
    - Flutter
  - flutter_audio_recorder (0.5.4):
    - Flutter
  - flutter_device_locale (0.0.1):
    - Flutter
  - flutter_downloader (0.0.1):
    - Flutter
  - flutter_inappwebview (0.0.1):
    - Flutter
  - flutter_native_admob (0.0.1):
    - Flutter
    - Google-Mobile-Ads-SDK
    - PureLayout
  - fluttertoast (0.0.2):
    - Flutter
    - Toast
  - FMDB (2.7.5):
    - FMDB/standard (= 2.7.5)
  - FMDB/standard (2.7.5)
  - Google-Mobile-Ads-SDK (7.67.0):
    - GoogleAppMeasurement (~> 6.0)
    - GoogleUserMessagingPlatform (~> 1.1)
  - GoogleAppMeasurement (6.9.0):
    - GoogleUtilities/AppDelegateSwizzler (~> 6.7)
    - GoogleUtilities/MethodSwizzler (~> 6.7)
    - GoogleUtilities/Network (~> 6.7)
    - "GoogleUtilities/NSData+zlib (~> 6.7)"
    - nanopb (~> 1.30906.0)
  - GoogleDataTransport (7.5.1):
    - nanopb (~> 1.30906.0)
  - GoogleUserMessagingPlatform (1.4.0)
  - GoogleUtilities/AppDelegateSwizzler (6.7.2):
    - GoogleUtilities/Environment
    - GoogleUtilities/Logger
    - GoogleUtilities/Network
  - GoogleUtilities/Environment (6.7.2):
    - PromisesObjC (~> 1.2)
  - GoogleUtilities/Logger (6.7.2):
    - GoogleUtilities/Environment
  - GoogleUtilities/MethodSwizzler (6.7.2):
    - GoogleUtilities/Logger
  - GoogleUtilities/Network (6.7.2):
    - GoogleUtilities/Logger
    - "GoogleUtilities/NSData+zlib"
    - GoogleUtilities/Reachability
  - "GoogleUtilities/NSData+zlib (6.7.2)"
  - GoogleUtilities/Reachability (6.7.2):
    - GoogleUtilities/Logger
  - GTMSessionFetcher/Core (1.5.0)
  - image_cropper (0.0.3):
    - Flutter
    - TOCropViewController (~> 2.5.4)
  - image_editor (0.0.1):
    - Flutter
  - image_picker (0.0.1):
    - Flutter
  - nanopb (1.30906.0):
    - nanopb/decode (= 1.30906.0)
    - nanopb/encode (= 1.30906.0)
  - nanopb/decode (1.30906.0)
  - nanopb/encode (1.30906.0)
  - open_file (0.0.1):
    - Flutter
  - package_info (0.0.1):
    - Flutter
  - path_provider (0.0.1):
    - Flutter
  - "permission_handler (5.1.0+2)":
    - Flutter
  - PromisesObjC (1.2.11)
  - PureLayout (3.1.6)
  - Reachability (3.2)
  - SDWebImage (5.10.0):
    - SDWebImage/Core (= 5.10.0)
  - SDWebImage/Core (5.10.0)
  - shared_preferences (0.0.1):
    - Flutter
  - sqflite (0.0.2):
    - Flutter
    - FMDB (>= 2.7.5)
  - SwiftyGif (5.3.0)
  - Toast (4.0.0)
  - TOCropViewController (2.5.5)
  - url_launcher (0.0.1):
    - Flutter
  - video_player (0.0.1):
    - Flutter
  - wakelock (0.0.1):
    - Flutter
  - webview_flutter (0.0.1):
    - Flutter

DEPENDENCIES:
  - audioplayers (from `.symlinks/plugins/audioplayers/ios`)
  - connectivity (from `.symlinks/plugins/connectivity/ios`)
  - file_picker (from `.symlinks/plugins/file_picker/ios`)
  - firebase_admob (from `.symlinks/plugins/firebase_admob/ios`)
  - firebase_auth (from `.symlinks/plugins/firebase_auth/ios`)
  - firebase_core (from `.symlinks/plugins/firebase_core/ios`)
  - firebase_dynamic_links (from `.symlinks/plugins/firebase_dynamic_links/ios`)
  - Flutter (from `Flutter`)
  - flutter_app_badger (from `.symlinks/plugins/flutter_app_badger/ios`)
  - flutter_audio_recorder (from `.symlinks/plugins/flutter_audio_recorder/ios`)
  - flutter_device_locale (from `.symlinks/plugins/flutter_device_locale/ios`)
  - flutter_downloader (from `.symlinks/plugins/flutter_downloader/ios`)
  - flutter_inappwebview (from `.symlinks/plugins/flutter_inappwebview/ios`)
  - flutter_native_admob (from `.symlinks/plugins/flutter_native_admob/ios`)
  - fluttertoast (from `.symlinks/plugins/fluttertoast/ios`)
  - image_cropper (from `.symlinks/plugins/image_cropper/ios`)
  - image_editor (from `.symlinks/plugins/image_editor/ios`)
  - image_picker (from `.symlinks/plugins/image_picker/ios`)
  - open_file (from `.symlinks/plugins/open_file/ios`)
  - package_info (from `.symlinks/plugins/package_info/ios`)
  - path_provider (from `.symlinks/plugins/path_provider/ios`)
  - permission_handler (from `.symlinks/plugins/permission_handler/ios`)
  - shared_preferences (from `.symlinks/plugins/shared_preferences/ios`)
  - sqflite (from `.symlinks/plugins/sqflite/ios`)
  - url_launcher (from `.symlinks/plugins/url_launcher/ios`)
  - video_player (from `.symlinks/plugins/video_player/ios`)
  - wakelock (from `.symlinks/plugins/wakelock/ios`)
  - webview_flutter (from `.symlinks/plugins/webview_flutter/ios`)

SPEC REPOS:
  trunk:
    - DKImagePickerController
    - DKPhotoGallery
    - Firebase
    - FirebaseAuth
    - FirebaseCore
    - FirebaseCoreDiagnostics
    - FirebaseDynamicLinks
    - FMDB
    - Google-Mobile-Ads-SDK
    - GoogleAppMeasurement
    - GoogleDataTransport
    - GoogleUserMessagingPlatform
    - GoogleUtilities
    - GTMSessionFetcher
    - nanopb
    - PromisesObjC
    - PureLayout
    - Reachability
    - SDWebImage
    - SwiftyGif
    - Toast
    - TOCropViewController

EXTERNAL SOURCES:
  audioplayers:
    :path: ".symlinks/plugins/audioplayers/ios"
  connectivity:
    :path: ".symlinks/plugins/connectivity/ios"
  file_picker:
    :path: ".symlinks/plugins/file_picker/ios"
  firebase_admob:
    :path: ".symlinks/plugins/firebase_admob/ios"
  firebase_auth:
    :path: ".symlinks/plugins/firebase_auth/ios"
  firebase_core:
    :path: ".symlinks/plugins/firebase_core/ios"
  firebase_dynamic_links:
    :path: ".symlinks/plugins/firebase_dynamic_links/ios"
  Flutter:
    :path: Flutter
  flutter_app_badger:
    :path: ".symlinks/plugins/flutter_app_badger/ios"
  flutter_audio_recorder:
    :path: ".symlinks/plugins/flutter_audio_recorder/ios"
  flutter_device_locale:
    :path: ".symlinks/plugins/flutter_device_locale/ios"
  flutter_downloader:
    :path: ".symlinks/plugins/flutter_downloader/ios"
  flutter_inappwebview:
    :path: ".symlinks/plugins/flutter_inappwebview/ios"
  flutter_native_admob:
    :path: ".symlinks/plugins/flutter_native_admob/ios"
  fluttertoast:
    :path: ".symlinks/plugins/fluttertoast/ios"
  image_cropper:
    :path: ".symlinks/plugins/image_cropper/ios"
  image_editor:
    :path: ".symlinks/plugins/image_editor/ios"
  image_picker:
    :path: ".symlinks/plugins/image_picker/ios"
  open_file:
    :path: ".symlinks/plugins/open_file/ios"
  package_info:
    :path: ".symlinks/plugins/package_info/ios"
  path_provider:
    :path: ".symlinks/plugins/path_provider/ios"
  permission_handler:
    :path: ".symlinks/plugins/permission_handler/ios"
  shared_preferences:
    :path: ".symlinks/plugins/shared_preferences/ios"
  sqflite:
    :path: ".symlinks/plugins/sqflite/ios"
  url_launcher:
    :path: ".symlinks/plugins/url_launcher/ios"
  video_player:
    :path: ".symlinks/plugins/video_player/ios"
  wakelock:
    :path: ".symlinks/plugins/wakelock/ios"
  webview_flutter:
    :path: ".symlinks/plugins/webview_flutter/ios"

SPEC CHECKSUMS:
  audioplayers: 455322b54050b30ea4b1af7cd9e9d105f74efa8c
  connectivity: c4130b2985d4ef6fd26f9702e886bd5260681467
  DKImagePickerController: b5eb7f7a388e4643264105d648d01f727110fc3d
  DKPhotoGallery: fdfad5125a9fdda9cc57df834d49df790dbb4179
  file_picker: 3e6c3790de664ccf9b882732d9db5eaf6b8d4eb1
  Firebase: 8db6f2d1b2c5e2984efba4949a145875a8f65fe5
  firebase_admob: c3b3b8762181c9748d7e74595044641f0180816b
  firebase_auth: d5159db3873478d1ac839af7b10d2f831516136a
  firebase_core: 5d6a02f3d85acd5f8321c2d6d62877626a670659
  firebase_dynamic_links: 65b0918ed77292e87534b4b668d2e293c58f35e0
  FirebaseAuth: c92d49ada7948d1a23466e3db17bc4c2039dddc3
  FirebaseCore: d889d9e12535b7f36ac8bfbf1713a0836a3012cd
  FirebaseCoreDiagnostics: 770ac5958e1372ce67959ae4b4f31d8e127c3ac1
  FirebaseDynamicLinks: 6eac37d86910382eafb6315d952cc44c9e176094
  Flutter: 0e3d915762c693b495b44d77113d4970485de6ec
  flutter_app_badger: 65de4d6f0c34a891df49e6cfb8a1c0496426fa68
  flutter_audio_recorder: eb998d4e75e59b39d9e3ca1818a5e0f3a82f5836
  flutter_device_locale: 94fbcacb38980dc1a9e31eb4ee8ae6d1c3a73042
  flutter_downloader: 058b9c41564a90500f67f3e432e3524613a7fd83
  flutter_inappwebview: 69dfbac46157b336ffbec19ca6dfd4638c7bf189
  flutter_native_admob: 384f39f8b8dc0a96624c7cfa4cd255205e7c3da5
  fluttertoast: 6122fa75143e992b1d3470f61000f591a798cc58
  FMDB: 2ce00b547f966261cd18927a3ddb07cb6f3db82a
  Google-Mobile-Ads-SDK: 8b58584890539de4527c47ef01e4da941a10bc8a
  GoogleAppMeasurement: a6a3a066369828db64eda428cb2856dc1cdc7c4e
  GoogleDataTransport: f56af7caa4ed338dc8e138a5d7c5973e66440833
  GoogleUserMessagingPlatform: b168e8c46cd8f92aa3e34b584c4ca78a411ce367
  GoogleUtilities: 7f2f5a07f888cdb145101d6042bc4422f57e70b3
  GTMSessionFetcher: b3503b20a988c4e20cc189aa798fd18220133f52
  image_cropper: c8f9b4157933c7bb965a66d1c5e6c8fd408c6eb4
  image_editor: d0181032f68c58c9de3c9b8c17291b9a51c9dbb5
  image_picker: 9c3312491f862b28d21ecd8fdf0ee14e601b3f09
  nanopb: 59317e09cf1f1a0af72f12af412d54edf52603fc
  open_file: 02eb5cb6b21264bd3a696876f5afbfb7ca4f4b7d
  package_info: 873975fc26034f0b863a300ad47e7f1ac6c7ec62
  path_provider: abfe2b5c733d04e238b0d8691db0cfd63a27a93c
  permission_handler: ccb20a9fad0ee9b1314a52b70b76b473c5f8dab0
  PromisesObjC: 8c196f5a328c2cba3e74624585467a557dcb482f
  PureLayout: bd3c4ec3a3819ad387c99ebb72c6b129c3ed4d2d
  Reachability: 33e18b67625424e47b6cde6d202dce689ad7af96
  SDWebImage: 9169792e9eec3e45bba2a0c02f74bf8bd922d1ee
  shared_preferences: af6bfa751691cdc24be3045c43ec037377ada40d
  sqflite: 6d358c025f5b867b29ed92fc697fd34924e11904
  SwiftyGif: e466e86c660d343357ab944a819a101c4127cb40
  Toast: 91b396c56ee72a5790816f40d3a94dd357abc196
  TOCropViewController: da59f531f8ac8a94ef6d6c0fc34009350f9e8bfe
  url_launcher: 6fef411d543ceb26efce54b05a0a40bfd74cbbef
  video_player: 9cc823b1d9da7e8427ee591e8438bfbcde500e6e
  wakelock: 0d4a70faf8950410735e3f61fb15d517c8a6efc4
  webview_flutter: d2b4d6c66968ad042ad94cbb791f5b72b4678a96

PODFILE CHECKSUM: f9803c512e172cc3b79d79d0923fa53161d7cebf

COCOAPODS: 1.10.0
